
Microsoft Visual Studio Solution File, Format Version 12.00
# Visual Studio 2013
VisualStudioVersion = 12.0.21005.1
MinimumVisualStudioVersion = 10.0.40219.1
Project("{FAE04EC0-301F-11D3-BF4B-00C04F79EFBC}") = "01. AllocateArray", "01. AllocateArray\01. AllocateArray.csproj", "{233F0124-CC0E-4E03-A077-D476A73BE194}"
EndProject
Project("{FAE04EC0-301F-11D3-BF4B-00C04F79EFBC}") = "02. Compare arrays", "02. Compare arrays\02. Compare arrays.csproj", "{3B2B6FBD-A145-41C8-9D6F-EC521A5A29F5}"
EndProject
Project("{FAE04EC0-301F-11D3-BF4B-00C04F79EFBC}") = "03. CompareCharArrays", "03. CompareCharArrays\03. CompareCharArrays.csproj", "{35FC2E83-E3AD-4782-A227-C998EA2913E0}"
EndProject
Project("{FAE04EC0-301F-11D3-BF4B-00C04F79EFBC}") = "04. MaximalSequence", "04. MaximalSequence\04. MaximalSequence.csproj", "{BE5FB6A3-272B-47A8-80BE-FD8F90F51E0B}"
EndProject
Project("{FAE04EC0-301F-11D3-BF4B-00C04F79EFBC}") = "05. MaximalIncreasingSequence", "05. MaximalIncreasingSequence\05. MaximalIncreasingSequence.csproj", "{408B425C-E105-404E-A355-1EAF324A69CA}"
EndProject
Project("{FAE04EC0-301F-11D3-BF4B-00C04F79EFBC}") = "06. MaximalKSum", "06. MaximalKSum\06. MaximalKSum.csproj", "{44C380E0-403C-48C8-9C9E-BA4EA9602FF6}"
EndProject
Project("{FAE04EC0-301F-11D3-BF4B-00C04F79EFBC}") = "07. SelectionSort", "07. SelectionSort\07. SelectionSort.csproj", "{A88FD976-DBC7-4547-AC96-DE91EC7B0C58}"
EndProject
Project("{FAE04EC0-301F-11D3-BF4B-00C04F79EFBC}") = "08. MaximalSum", "08. MaximalSum\08. MaximalSum.csproj", "{67D33B14-5FB8-474E-A218-358530FB3C10}"
EndProject
Project("{FAE04EC0-301F-11D3-BF4B-00C04F79EFBC}") = "09. FrequentNumber", "09. FrequentNumber\09. FrequentNumber.csproj", "{7B005CCA-2A49-4E31-A5DF-B6AC88BB46C3}"
EndProject
Project("{FAE04EC0-301F-11D3-BF4B-00C04F79EFBC}") = "10. FindSumInArray", "10. FindSumInArray\10. FindSumInArray.csproj", "{EBFAB866-F9E0-44BB-ACF3-567B798DE9C7}"
EndProject
Project("{FAE04EC0-301F-11D3-BF4B-00C04F79EFBC}") = "11. BinarySearch", "11. BinarySearch\11. BinarySearch.csproj", "{3DFEB14C-3767-4833-A93B-2559FCFD3806}"
EndProject
Global
	GlobalSection(SolutionConfigurationPlatforms) = preSolution
		Debug|Any CPU = Debug|Any CPU
		Release|Any CPU = Release|Any CPU
	EndGlobalSection
	GlobalSection(ProjectConfigurationPlatforms) = postSolution
		{233F0124-CC0E-4E03-A077-D476A73BE194}.Debug|Any CPU.ActiveCfg = Debug|Any CPU
		{233F0124-CC0E-4E03-A077-D476A73BE194}.Debug|Any CPU.Build.0 = Debug|Any CPU
		{233F0124-CC0E-4E03-A077-D476A73BE194}.Release|Any CPU.ActiveCfg = Release|Any CPU
		{233F0124-CC0E-4E03-A077-D476A73BE194}.Release|Any CPU.Build.0 = Release|Any CPU
		{3B2B6FBD-A145-41C8-9D6F-EC521A5A29F5}.Debug|Any CPU.ActiveCfg = Debug|Any CPU
		{3B2B6FBD-A145-41C8-9D6F-EC521A5A29F5}.Debug|Any CPU.Build.0 = Debug|Any CPU
		{3B2B6FBD-A145-41C8-9D6F-EC521A5A29F5}.Release|Any CPU.ActiveCfg = Release|Any CPU
		{3B2B6FBD-A145-41C8-9D6F-EC521A5A29F5}.Release|Any CPU.Build.0 = Release|Any CPU
		{35FC2E83-E3AD-4782-A227-C998EA2913E0}.Debug|Any CPU.ActiveCfg = Debug|Any CPU
		{35FC2E83-E3AD-4782-A227-C998EA2913E0}.Debug|Any CPU.Build.0 = Debug|Any CPU
		{35FC2E83-E3AD-4782-A227-C998EA2913E0}.Release|Any CPU.ActiveCfg = Release|Any CPU
		{35FC2E83-E3AD-4782-A227-C998EA2913E0}.Release|Any CPU.Build.0 = Release|Any CPU
		{BE5FB6A3-272B-47A8-80BE-FD8F90F51E0B}.Debug|Any CPU.ActiveCfg = Debug|Any CPU
		{BE5FB6A3-272B-47A8-80BE-FD8F90F51E0B}.Debug|Any CPU.Build.0 = Debug|Any CPU
		{BE5FB6A3-272B-47A8-80BE-FD8F90F51E0B}.Release|Any CPU.ActiveCfg = Release|Any CPU
		{BE5FB6A3-272B-47A8-80BE-FD8F90F51E0B}.Release|Any CPU.Build.0 = Release|Any CPU
		{408B425C-E105-404E-A355-1EAF324A69CA}.Debug|Any CPU.ActiveCfg = Debug|Any CPU
		{408B425C-E105-404E-A355-1EAF324A69CA}.Debug|Any CPU.Build.0 = Debug|Any CPU
		{408B425C-E105-404E-A355-1EAF324A69CA}.Release|Any CPU.ActiveCfg = Release|Any CPU
		{408B425C-E105-404E-A355-1EAF324A69CA}.Release|Any CPU.Build.0 = Release|Any CPU
		{44C380E0-403C-48C8-9C9E-BA4EA9602FF6}.Debug|Any CPU.ActiveCfg = Debug|Any CPU
		{44C380E0-403C-48C8-9C9E-BA4EA9602FF6}.Debug|Any CPU.Build.0 = Debug|Any CPU
		{44C380E0-403C-48C8-9C9E-BA4EA9602FF6}.Release|Any CPU.ActiveCfg = Release|Any CPU
		{44C380E0-403C-48C8-9C9E-BA4EA9602FF6}.Release|Any CPU.Build.0 = Release|Any CPU
		{A88FD976-DBC7-4547-AC96-DE91EC7B0C58}.Debug|Any CPU.ActiveCfg = Debug|Any CPU
		{A88FD976-DBC7-4547-AC96-DE91EC7B0C58}.Debug|Any CPU.Build.0 = Debug|Any CPU
		{A88FD976-DBC7-4547-AC96-DE91EC7B0C58}.Release|Any CPU.ActiveCfg = Release|Any CPU
		{A88FD976-DBC7-4547-AC96-DE91EC7B0C58}.Release|Any CPU.Build.0 = Release|Any CPU
		{67D33B14-5FB8-474E-A218-358530FB3C10}.Debug|Any CPU.ActiveCfg = Debug|Any CPU
		{67D33B14-5FB8-474E-A218-358530FB3C10}.Debug|Any CPU.Build.0 = Debug|Any CPU
		{67D33B14-5FB8-474E-A218-358530FB3C10}.Release|Any CPU.ActiveCfg = Release|Any CPU
		{67D33B14-5FB8-474E-A218-358530FB3C10}.Release|Any CPU.Build.0 = Release|Any CPU
		{7B005CCA-2A49-4E31-A5DF-B6AC88BB46C3}.Debug|Any CPU.ActiveCfg = Debug|Any CPU
		{7B005CCA-2A49-4E31-A5DF-B6AC88BB46C3}.Debug|Any CPU.Build.0 = Debug|Any CPU
		{7B005CCA-2A49-4E31-A5DF-B6AC88BB46C3}.Release|Any CPU.ActiveCfg = Release|Any CPU
		{7B005CCA-2A49-4E31-A5DF-B6AC88BB46C3}.Release|Any CPU.Build.0 = Release|Any CPU
		{EBFAB866-F9E0-44BB-ACF3-567B798DE9C7}.Debug|Any CPU.ActiveCfg = Debug|Any CPU
		{EBFAB866-F9E0-44BB-ACF3-567B798DE9C7}.Debug|Any CPU.Build.0 = Debug|Any CPU
		{EBFAB866-F9E0-44BB-ACF3-567B798DE9C7}.Release|Any CPU.ActiveCfg = Release|Any CPU
		{EBFAB866-F9E0-44BB-ACF3-567B798DE9C7}.Release|Any CPU.Build.0 = Release|Any CPU
		{3DFEB14C-3767-4833-A93B-2559FCFD3806}.Debug|Any CPU.ActiveCfg = Debug|Any CPU
		{3DFEB14C-3767-4833-A93B-2559FCFD3806}.Debug|Any CPU.Build.0 = Debug|Any CPU
		{3DFEB14C-3767-4833-A93B-2559FCFD3806}.Release|Any CPU.ActiveCfg = Release|Any CPU
		{3DFEB14C-3767-4833-A93B-2559FCFD3806}.Release|Any CPU.Build.0 = Release|Any CPU
	EndGlobalSection
	GlobalSection(SolutionProperties) = preSolution
		HideSolutionNode = FALSE
	EndGlobalSection
EndGlobal
